# This file is automatically @generated by Cargo.
# It is not intended for manual editing.
[[package]]
name = "libc"
version = "0.2.41"
source = "registry+https://github.com/rust-lang/crates.io-index"
checksum = "ac8ebf8343a981e2fa97042b14768f02ed3e1d602eac06cae6166df3c8ced206"

[[package]]
name = "redox_syscall"
version = "0.1.38"
source = "registry+https://github.com/rust-lang/crates.io-index"
checksum = "0a12d51a5b5fd700e6c757f15877685bfa04fd7eb60c108f01d045cafa0073c2"

[[package]]
name = "redox_termios"
version = "0.1.1"
source = "registry+https://github.com/rust-lang/crates.io-index"
checksum = "7e891cfe48e9100a70a3b6eb652fef28920c117d366339687bd5576160db0f76"
dependencies = [
 "redox_syscall",
]

[[package]]
name = "scroll"
version = "0.1.0"
dependencies = [
 "termion",
]

[[package]]
name = "termion"
version = "1.5.1"
source = "registry+https://github.com/rust-lang/crates.io-index"
checksum = "689a3bdfaab439fd92bc87df5c4c78417d3cbe537487274e9b0b2dce76e92096"
dependencies = [
 "libc",
 "redox_syscall",
 "redox_termios",
]
